{
  "object": {
    "pins": [
      {
        "package": "Git",
        "repositoryURL": "https://github.com/way-to-code/git-macOS.git",
        "state": {
          "branch": null,
          "revision": "f806963a56bbbfdeea3e6834e05adfa66cc8e3f1",
          "version": "2.0.0"
        }
      }
    ]
  },
  "version": 1
}
